{
  "name": "tridactyl",
  "version": "0.1.0",
  "lockfileVersion": 1,
  "requires": true,
  "dependencies": {
    "web-ext-types": {
      "version": "0.3.1",
      "resolved": "https://registry.npmjs.org/web-ext-types/-/web-ext-types-0.3.1.tgz",
      "integrity": "sha1-d8SDreB4HXm4aXNR6DIBfdlGYaY=",
      "dev": true
    }
  }
}
